
Microsoft Visual Studio Solution File, Format Version 12.00
# Visual Studio Version 17
VisualStudioVersion = 17.11.35222.181
MinimumVisualStudioVersion = 10.0.40219.1
Project("{8BC9CEB8-8B4A-11D0-8D11-00A0C91BC942}") = "P17", "P17\P17.vcxproj", "{C42E88F6-EE06-4F79-A709-6B8CB7295ECD}"
EndProject
Global
	GlobalSection(SolutionConfigurationPlatforms) = preSolution
		Debug|x64 = Debug|x64
		Debug|x86 = Debug|x86
		Release|x64 = Release|x64
		Release|x86 = Release|x86
	EndGlobalSection
	GlobalSection(ProjectConfigurationPlatforms) = postSolution
		{C42E88F6-EE06-4F79-A709-6B8CB7295ECD}.Debug|x64.ActiveCfg = Debug|x64
		{C42E88F6-EE06-4F79-A709-6B8CB7295ECD}.Debug|x64.Build.0 = Debug|x64
		{C42E88F6-EE06-4F79-A709-6B8CB7295ECD}.Debug|x86.ActiveCfg = Debug|Win32
		{C42E88F6-EE06-4F79-A709-6B8CB7295ECD}.Debug|x86.Build.0 = Debug|Win32
		{C42E88F6-EE06-4F79-A709-6B8CB7295ECD}.Release|x64.ActiveCfg = Release|x64
		{C42E88F6-EE06-4F79-A709-6B8CB7295ECD}.Release|x64.Build.0 = Release|x64
		{C42E88F6-EE06-4F79-A709-6B8CB7295ECD}.Release|x86.ActiveCfg = Release|Win32
		{C42E88F6-EE06-4F79-A709-6B8CB7295ECD}.Release|x86.Build.0 = Release|Win32
	EndGlobalSection
	GlobalSection(SolutionProperties) = preSolution
		HideSolutionNode = FALSE
	EndGlobalSection
	GlobalSection(ExtensibilityGlobals) = postSolution
		SolutionGuid = {B5880E19-8D73-4733-8C9E-98C5DB32B46B}
	EndGlobalSection
EndGlobal
